// !$*UTF8*$!
{
	archiveVersion = 1;
	classes = {
	};
	objectVersion = 46;
	objects = {

/* Begin PBXBuildFile section */
		18DF62831675EB4400789A1A /* FileLoader.m in Sources */ = {isa = PBXBuildFile; fileRef = 18DF62821675EB4400789A1A /* FileLoader.m */; };
		18DF62881675FFEC00789A1A /* FileUploader.m in Sources */ = {isa = PBXBuildFile; fileRef = 18DF62871675FFEC00789A1A /* FileUploader.m */; };
		18DF628B167619E200789A1A /* FileTreeWrapper.m in Sources */ = {isa = PBXBuildFile; fileRef = 18DF628A167619E200789A1A /* FileTreeWrapper.m */; };
		3710FAF81673EC03004D0067 /* FileHandler.m in Sources */ = {isa = PBXBuildFile; fileRef = 3710FAF71673EC03004D0067 /* FileHandler.m */; };
		57010B25167626F80039E119 /* LoginController.m in Sources */ = {isa = PBXBuildFile; fileRef = 57010B24167626F80039E119 /* LoginController.m */; };
		57010B2816762E210039E119 /* Security.framework in Frameworks */ = {isa = PBXBuildFile; fileRef = 57010B2716762E210039E119 /* Security.framework */; };
		570374561674007400BF0214 /* ApiRequest.m in Sources */ = {isa = PBXBuildFile; fileRef = 570374551674007400BF0214 /* ApiRequest.m */; };
		571638EC16A3564E00B417C1 /* FMDatabase.m in Sources */ = {isa = PBXBuildFile; fileRef = 571638E316A3564E00B417C1 /* FMDatabase.m */; };
		571638ED16A3564E00B417C1 /* FMDatabaseAdditions.m in Sources */ = {isa = PBXBuildFile; fileRef = 571638E516A3564E00B417C1 /* FMDatabaseAdditions.m */; };
		571638EE16A3564E00B417C1 /* FMDatabasePool.m in Sources */ = {isa = PBXBuildFile; fileRef = 571638E716A3564E00B417C1 /* FMDatabasePool.m */; };
		571638EF16A3564E00B417C1 /* FMDatabaseQueue.m in Sources */ = {isa = PBXBuildFile; fileRef = 571638E916A3564E00B417C1 /* FMDatabaseQueue.m */; };
		571638F016A3564E00B417C1 /* FMResultSet.m in Sources */ = {isa = PBXBuildFile; fileRef = 571638EB16A3564E00B417C1 /* FMResultSet.m */; };
		571638F216A356F100B417C1 /* libsqlite3.dylib in Frameworks */ = {isa = PBXBuildFile; fileRef = 571638F116A356F100B417C1 /* libsqlite3.dylib */; };
		571638F516A359FF00B417C1 /* Database.m in Sources */ = {isa = PBXBuildFile; fileRef = 571638F416A359FF00B417C1 /* Database.m */; };
		572795DE1676A54600156631 /* SSKeychain.m in Sources */ = {isa = PBXBuildFile; fileRef = 572795DD1676A54600156631 /* SSKeychain.m */; };
		57E9A3DD16677A7700104A97 /* Cocoa.framework in Frameworks */ = {isa = PBXBuildFile; fileRef = 57E9A3DC16677A7700104A97 /* Cocoa.framework */; };
		57E9A3E716677A7700104A97 /* InfoPlist.strings in Resources */ = {isa = PBXBuildFile; fileRef = 57E9A3E516677A7700104A97 /* InfoPlist.strings */; };
		57E9A3E916677A7700104A97 /* main.m in Sources */ = {isa = PBXBuildFile; fileRef = 57E9A3E816677A7700104A97 /* main.m */; };
		57E9A3ED16677A7700104A97 /* Credits.rtf in Resources */ = {isa = PBXBuildFile; fileRef = 57E9A3EB16677A7700104A97 /* Credits.rtf */; };
		57E9A3F016677A7700104A97 /* AppDelegate.m in Sources */ = {isa = PBXBuildFile; fileRef = 57E9A3EF16677A7700104A97 /* AppDelegate.m */; };
		57E9A3F316677A7700104A97 /* MainMenu.xib in Resources */ = {isa = PBXBuildFile; fileRef = 57E9A3F116677A7700104A97 /* MainMenu.xib */; };
		57FECB74167B4BC9005FBE30 /* PKMultipartInputStream.m in Sources */ = {isa = PBXBuildFile; fileRef = 57FECB73167B4BC9005FBE30 /* PKMultipartInputStream.m */; };
		57FECB79167B57AF005FBE30 /* NSFile.m in Sources */ = {isa = PBXBuildFile; fileRef = 57FECB78167B57AF005FBE30 /* NSFile.m */; };
/* End PBXBuildFile section */

/* Begin PBXFileReference section */
		18DF62811675EB4400789A1A /* FileLoader.h */ = {isa = PBXFileReference; fileEncoding = 4; lastKnownFileType = sourcecode.c.h; path = FileLoader.h; sourceTree = "<group>"; };
		18DF62821675EB4400789A1A /* FileLoader.m */ = {isa = PBXFileReference; fileEncoding = 4; lastKnownFileType = sourcecode.c.objc; path = FileLoader.m; sourceTree = "<group>"; };
		18DF62861675FFEC00789A1A /* FileUploader.h */ = {isa = PBXFileReference; fileEncoding = 4; lastKnownFileType = sourcecode.c.h; path = FileUploader.h; sourceTree = "<group>"; };
		18DF62871675FFEC00789A1A /* FileUploader.m */ = {isa = PBXFileReference; fileEncoding = 4; lastKnownFileType = sourcecode.c.objc; path = FileUploader.m; sourceTree = "<group>"; };
		18DF6289167619E200789A1A /* FileTreeWrapper.h */ = {isa = PBXFileReference; fileEncoding = 4; lastKnownFileType = sourcecode.c.h; path = FileTreeWrapper.h; sourceTree = "<group>"; };
		18DF628A167619E200789A1A /* FileTreeWrapper.m */ = {isa = PBXFileReference; fileEncoding = 4; lastKnownFileType = sourcecode.c.objc; path = FileTreeWrapper.m; sourceTree = "<group>"; };
		3710FAF61673EC03004D0067 /* FileHandler.h */ = {isa = PBXFileReference; fileEncoding = 4; lastKnownFileType = sourcecode.c.h; path = FileHandler.h; sourceTree = "<group>"; };
		3710FAF71673EC03004D0067 /* FileHandler.m */ = {isa = PBXFileReference; fileEncoding = 4; lastKnownFileType = sourcecode.c.objc; path = FileHandler.m; sourceTree = "<group>"; };
		57010B23167626F80039E119 /* LoginController.h */ = {isa = PBXFileReference; fileEncoding = 4; lastKnownFileType = sourcecode.c.h; path = LoginController.h; sourceTree = "<group>"; };
		57010B24167626F80039E119 /* LoginController.m */ = {isa = PBXFileReference; fileEncoding = 4; lastKnownFileType = sourcecode.c.objc; path = LoginController.m; sourceTree = "<group>"; };
		57010B2716762E210039E119 /* Security.framework */ = {isa = PBXFileReference; lastKnownFileType = wrapper.framework; name = Security.framework; path = System/Library/Frameworks/Security.framework; sourceTree = SDKROOT; };
		570374541674007400BF0214 /* ApiRequest.h */ = {isa = PBXFileReference; fileEncoding = 4; lastKnownFileType = sourcecode.c.h; path = ApiRequest.h; sourceTree = "<group>"; };
		570374551674007400BF0214 /* ApiRequest.m */ = {isa = PBXFileReference; fileEncoding = 4; lastKnownFileType = sourcecode.c.objc; path = ApiRequest.m; sourceTree = "<group>"; };
		571638E216A3564E00B417C1 /* FMDatabase.h */ = {isa = PBXFileReference; fileEncoding = 4; lastKnownFileType = sourcecode.c.h; path = FMDatabase.h; sourceTree = "<group>"; };
		571638E316A3564E00B417C1 /* FMDatabase.m */ = {isa = PBXFileReference; fileEncoding = 4; lastKnownFileType = sourcecode.c.objc; path = FMDatabase.m; sourceTree = "<group>"; };
		571638E416A3564E00B417C1 /* FMDatabaseAdditions.h */ = {isa = PBXFileReference; fileEncoding = 4; lastKnownFileType = sourcecode.c.h; path = FMDatabaseAdditions.h; sourceTree = "<group>"; };
		571638E516A3564E00B417C1 /* FMDatabaseAdditions.m */ = {isa = PBXFileReference; fileEncoding = 4; lastKnownFileType = sourcecode.c.objc; path = FMDatabaseAdditions.m; sourceTree = "<group>"; };
		571638E616A3564E00B417C1 /* FMDatabasePool.h */ = {isa = PBXFileReference; fileEncoding = 4; lastKnownFileType = sourcecode.c.h; path = FMDatabasePool.h; sourceTree = "<group>"; };
		571638E716A3564E00B417C1 /* FMDatabasePool.m */ = {isa = PBXFileReference; fileEncoding = 4; lastKnownFileType = sourcecode.c.objc; path = FMDatabasePool.m; sourceTree = "<group>"; };
		571638E816A3564E00B417C1 /* FMDatabaseQueue.h */ = {isa = PBXFileReference; fileEncoding = 4; lastKnownFileType = sourcecode.c.h; path = FMDatabaseQueue.h; sourceTree = "<group>"; };
		571638E916A3564E00B417C1 /* FMDatabaseQueue.m */ = {isa = PBXFileReference; fileEncoding = 4; lastKnownFileType = sourcecode.c.objc; path = FMDatabaseQueue.m; sourceTree = "<group>"; };
		571638EA16A3564E00B417C1 /* FMResultSet.h */ = {isa = PBXFileReference; fileEncoding = 4; lastKnownFileType = sourcecode.c.h; path = FMResultSet.h; sourceTree = "<group>"; };
		571638EB16A3564E00B417C1 /* FMResultSet.m */ = {isa = PBXFileReference; fileEncoding = 4; lastKnownFileType = sourcecode.c.objc; path = FMResultSet.m; sourceTree = "<group>"; };
		571638F116A356F100B417C1 /* libsqlite3.dylib */ = {isa = PBXFileReference; lastKnownFileType = "compiled.mach-o.dylib"; name = libsqlite3.dylib; path = usr/lib/libsqlite3.dylib; sourceTree = SDKROOT; };
		571638F316A359FF00B417C1 /* Database.h */ = {isa = PBXFileReference; fileEncoding = 4; lastKnownFileType = sourcecode.c.h; path = Database.h; sourceTree = "<group>"; };
		571638F416A359FF00B417C1 /* Database.m */ = {isa = PBXFileReference; fileEncoding = 4; lastKnownFileType = sourcecode.c.objc; path = Database.m; sourceTree = "<group>"; };
		572795DC1676A54500156631 /* SSKeychain.h */ = {isa = PBXFileReference; fileEncoding = 4; lastKnownFileType = sourcecode.c.h; path = SSKeychain.h; sourceTree = "<group>"; };
		572795DD1676A54600156631 /* SSKeychain.m */ = {isa = PBXFileReference; fileEncoding = 4; lastKnownFileType = sourcecode.c.objc; path = SSKeychain.m; sourceTree = "<group>"; };
		57E9A3D816677A7700104A97 /* 2Safe.app */ = {isa = PBXFileReference; explicitFileType = wrapper.application; includeInIndex = 0; path = 2Safe.app; sourceTree = BUILT_PRODUCTS_DIR; };
		57E9A3DC16677A7700104A97 /* Cocoa.framework */ = {isa = PBXFileReference; lastKnownFileType = wrapper.framework; name = Cocoa.framework; path = System/Library/Frameworks/Cocoa.framework; sourceTree = SDKROOT; };
		57E9A3DF16677A7700104A97 /* AppKit.framework */ = {isa = PBXFileReference; lastKnownFileType = wrapper.framework; name = AppKit.framework; path = System/Library/Frameworks/AppKit.framework; sourceTree = SDKROOT; };
		57E9A3E016677A7700104A97 /* CoreData.framework */ = {isa = PBXFileReference; lastKnownFileType = wrapper.framework; name = CoreData.framework; path = System/Library/Frameworks/CoreData.framework; sourceTree = SDKROOT; };
		57E9A3E116677A7700104A97 /* Foundation.framework */ = {isa = PBXFileReference; lastKnownFileType = wrapper.framework; name = Foundation.framework; path = System/Library/Frameworks/Foundation.framework; sourceTree = SDKROOT; };
		57E9A3E416677A7700104A97 /* 2Safe-Info.plist */ = {isa = PBXFileReference; lastKnownFileType = text.plist.xml; path = "2Safe-Info.plist"; sourceTree = "<group>"; };
		57E9A3E616677A7700104A97 /* en */ = {isa = PBXFileReference; lastKnownFileType = text.plist.strings; name = en; path = en.lproj/InfoPlist.strings; sourceTree = "<group>"; };
		57E9A3E816677A7700104A97 /* main.m */ = {isa = PBXFileReference; lastKnownFileType = sourcecode.c.objc; path = main.m; sourceTree = "<group>"; };
		57E9A3EA16677A7700104A97 /* 2Safe-Prefix.pch */ = {isa = PBXFileReference; lastKnownFileType = sourcecode.c.h; path = "2Safe-Prefix.pch"; sourceTree = "<group>"; };
		57E9A3EC16677A7700104A97 /* en */ = {isa = PBXFileReference; lastKnownFileType = text.rtf; name = en; path = en.lproj/Credits.rtf; sourceTree = "<group>"; };
		57E9A3EE16677A7700104A97 /* AppDelegate.h */ = {isa = PBXFileReference; lastKnownFileType = sourcecode.c.h; path = AppDelegate.h; sourceTree = "<group>"; };
		57E9A3EF16677A7700104A97 /* AppDelegate.m */ = {isa = PBXFileReference; lastKnownFileType = sourcecode.c.objc; path = AppDelegate.m; sourceTree = "<group>"; };
		57E9A3F216677A7700104A97 /* en */ = {isa = PBXFileReference; lastKnownFileType = file.xib; name = en; path = en.lproj/MainMenu.xib; sourceTree = "<group>"; };
		57FECB72167B4BC9005FBE30 /* PKMultipartInputStream.h */ = {isa = PBXFileReference; fileEncoding = 4; lastKnownFileType = sourcecode.c.h; path = PKMultipartInputStream.h; sourceTree = "<group>"; };
		57FECB73167B4BC9005FBE30 /* PKMultipartInputStream.m */ = {isa = PBXFileReference; fileEncoding = 4; lastKnownFileType = sourcecode.c.objc; path = PKMultipartInputStream.m; sourceTree = "<group>"; };
		57FECB75167B5744005FBE30 /* NSFile.h */ = {isa = PBXFileReference; fileEncoding = 4; lastKnownFileType = sourcecode.c.h; path = NSFile.h; sourceTree = "<group>"; };
		57FECB78167B57AF005FBE30 /* NSFile.m */ = {isa = PBXFileReference; fileEncoding = 4; lastKnownFileType = sourcecode.c.objc; path = NSFile.m; sourceTree = "<group>"; };
/* End PBXFileReference section */

/* Begin PBXFrameworksBuildPhase section */
		57E9A3D516677A7700104A97 /* Frameworks */ = {
			isa = PBXFrameworksBuildPhase;
			buildActionMask = 2147483647;
			files = (
				571638F216A356F100B417C1 /* libsqlite3.dylib in Frameworks */,
				57010B2816762E210039E119 /* Security.framework in Frameworks */,
				57E9A3DD16677A7700104A97 /* Cocoa.framework in Frameworks */,
			);
			runOnlyForDeploymentPostprocessing = 0;
		};
/* End PBXFrameworksBuildPhase section */

/* Begin PBXGroup section */
		18DF627F1675EAEB00789A1A /* API */ = {
			isa = PBXGroup;
			children = (
				18DF62811675EB4400789A1A /* FileLoader.h */,
				18DF62821675EB4400789A1A /* FileLoader.m */,
				18DF62861675FFEC00789A1A /* FileUploader.h */,
				18DF62871675FFEC00789A1A /* FileUploader.m */,
				18DF6289167619E200789A1A /* FileTreeWrapper.h */,
				18DF628A167619E200789A1A /* FileTreeWrapper.m */,
			);
			name = API;
			sourceTree = "<group>";
		};
		571638E016A3562500B417C1 /* FMDB */ = {
			isa = PBXGroup;
			children = (
				571638E216A3564E00B417C1 /* FMDatabase.h */,
				571638E316A3564E00B417C1 /* FMDatabase.m */,
				571638E416A3564E00B417C1 /* FMDatabaseAdditions.h */,
				571638E516A3564E00B417C1 /* FMDatabaseAdditions.m */,
				571638E616A3564E00B417C1 /* FMDatabasePool.h */,
				571638E716A3564E00B417C1 /* FMDatabasePool.m */,
				571638E816A3564E00B417C1 /* FMDatabaseQueue.h */,
				571638E916A3564E00B417C1 /* FMDatabaseQueue.m */,
				571638EA16A3564E00B417C1 /* FMResultSet.h */,
				571638EB16A3564E00B417C1 /* FMResultSet.m */,
			);
			name = FMDB;
			sourceTree = "<group>";
		};
		578EBB6C16749DCF00301434 /* model */ = {
			isa = PBXGroup;
			children = (
			);
			name = model;
			sourceTree = "<group>";
		};
		578EBB6E16749DFF00301434 /* view */ = {
			isa = PBXGroup;
			children = (
				57E9A3F116677A7700104A97 /* MainMenu.xib */,
			);
			name = view;
			sourceTree = "<group>";
		};
		578EBB6F16749E0600301434 /* controller */ = {
			isa = PBXGroup;
			children = (
				3710FAF61673EC03004D0067 /* FileHandler.h */,
				3710FAF71673EC03004D0067 /* FileHandler.m */,
				57E9A3EE16677A7700104A97 /* AppDelegate.h */,
				57E9A3EF16677A7700104A97 /* AppDelegate.m */,
				57010B23167626F80039E119 /* LoginController.h */,
				57010B24167626F80039E119 /* LoginController.m */,
			);
			name = controller;
			sourceTree = "<group>";
		};
		57E9A3CD16677A7700104A97 = {
			isa = PBXGroup;
			children = (
				57E9A3E216677A7700104A97 /* 2Safe */,
				57E9A3DB16677A7700104A97 /* Frameworks */,
				57E9A3D916677A7700104A97 /* Products */,
			);
			sourceTree = "<group>";
		};
		57E9A3D916677A7700104A97 /* Products */ = {
			isa = PBXGroup;
			children = (
				57E9A3D816677A7700104A97 /* 2Safe.app */,
			);
			name = Products;
			sourceTree = "<group>";
		};
		57E9A3DB16677A7700104A97 /* Frameworks */ = {
			isa = PBXGroup;
			children = (
				57010B2716762E210039E119 /* Security.framework */,
				57E9A3DC16677A7700104A97 /* Cocoa.framework */,
				57E9A3DE16677A7700104A97 /* Other Frameworks */,
			);
			name = Frameworks;
			sourceTree = "<group>";
		};
		57E9A3DE16677A7700104A97 /* Other Frameworks */ = {
			isa = PBXGroup;
			children = (
				571638F116A356F100B417C1 /* libsqlite3.dylib */,
				57E9A3DF16677A7700104A97 /* AppKit.framework */,
				57E9A3E016677A7700104A97 /* CoreData.framework */,
				57E9A3E116677A7700104A97 /* Foundation.framework */,
			);
			name = "Other Frameworks";
			sourceTree = "<group>";
		};
		57E9A3E216677A7700104A97 /* 2Safe */ = {
			isa = PBXGroup;
			children = (
				57FECB67167B33BC005FBE30 /* include */,
				18DF627F1675EAEB00789A1A /* API */,
				578EBB6F16749E0600301434 /* controller */,
				578EBB6E16749DFF00301434 /* view */,
				578EBB6C16749DCF00301434 /* model */,
				57E9A3E316677A7700104A97 /* Supporting Files */,
			);
			path = 2Safe;
			sourceTree = "<group>";
		};
		57E9A3E316677A7700104A97 /* Supporting Files */ = {
			isa = PBXGroup;
			children = (
				57E9A3E416677A7700104A97 /* 2Safe-Info.plist */,
				57E9A3E516677A7700104A97 /* InfoPlist.strings */,
				57E9A3E816677A7700104A97 /* main.m */,
				57E9A3EA16677A7700104A97 /* 2Safe-Prefix.pch */,
				57E9A3EB16677A7700104A97 /* Credits.rtf */,
			);
			name = "Supporting Files";
			sourceTree = "<group>";
		};
		57FECB67167B33BC005FBE30 /* include */ = {
			isa = PBXGroup;
			children = (
				571638E016A3562500B417C1 /* FMDB */,
				57FECB72167B4BC9005FBE30 /* PKMultipartInputStream.h */,
				57FECB73167B4BC9005FBE30 /* PKMultipartInputStream.m */,
				570374541674007400BF0214 /* ApiRequest.h */,
				570374551674007400BF0214 /* ApiRequest.m */,
				572795DC1676A54500156631 /* SSKeychain.h */,
				572795DD1676A54600156631 /* SSKeychain.m */,
				57FECB75167B5744005FBE30 /* NSFile.h */,
				57FECB78167B57AF005FBE30 /* NSFile.m */,
				571638F316A359FF00B417C1 /* Database.h */,
				571638F416A359FF00B417C1 /* Database.m */,
			);
			name = include;
			sourceTree = "<group>";
		};
/* End PBXGroup section */

/* Begin PBXNativeTarget section */
		57E9A3D716677A7700104A97 /* 2Safe */ = {
			isa = PBXNativeTarget;
			buildConfigurationList = 57E9A3F916677A7700104A97 /* Build configuration list for PBXNativeTarget "2Safe" */;
			buildPhases = (
				57E9A3D416677A7700104A97 /* Sources */,
				57E9A3D516677A7700104A97 /* Frameworks */,
				57E9A3D616677A7700104A97 /* Resources */,
			);
			buildRules = (
			);
			dependencies = (
			);
			name = 2Safe;
			productName = 2Safe;
			productReference = 57E9A3D816677A7700104A97 /* 2Safe.app */;
			productType = "com.apple.product-type.application";
		};
/* End PBXNativeTarget section */

/* Begin PBXProject section */
		57E9A3CF16677A7700104A97 /* Project object */ = {
			isa = PBXProject;
			attributes = {
				LastUpgradeCheck = 0450;
				ORGANIZATIONNAME = zaopark;
			};
			buildConfigurationList = 57E9A3D216677A7700104A97 /* Build configuration list for PBXProject "2Safe" */;
			compatibilityVersion = "Xcode 3.2";
			developmentRegion = English;
			hasScannedForEncodings = 0;
			knownRegions = (
				en,
			);
			mainGroup = 57E9A3CD16677A7700104A97;
			productRefGroup = 57E9A3D916677A7700104A97 /* Products */;
			projectDirPath = "";
			projectRoot = "";
			targets = (
				57E9A3D716677A7700104A97 /* 2Safe */,
			);
		};
/* End PBXProject section */

/* Begin PBXResourcesBuildPhase section */
		57E9A3D616677A7700104A97 /* Resources */ = {
			isa = PBXResourcesBuildPhase;
			buildActionMask = 2147483647;
			files = (
				57E9A3E716677A7700104A97 /* InfoPlist.strings in Resources */,
				57E9A3ED16677A7700104A97 /* Credits.rtf in Resources */,
				57E9A3F316677A7700104A97 /* MainMenu.xib in Resources */,
			);
			runOnlyForDeploymentPostprocessing = 0;
		};
/* End PBXResourcesBuildPhase section */

/* Begin PBXSourcesBuildPhase section */
		57E9A3D416677A7700104A97 /* Sources */ = {
			isa = PBXSourcesBuildPhase;
			buildActionMask = 2147483647;
			files = (
				57E9A3E916677A7700104A97 /* main.m in Sources */,
				57E9A3F016677A7700104A97 /* AppDelegate.m in Sources */,
				3710FAF81673EC03004D0067 /* FileHandler.m in Sources */,
				570374561674007400BF0214 /* ApiRequest.m in Sources */,
				57010B25167626F80039E119 /* LoginController.m in Sources */,
				572795DE1676A54600156631 /* SSKeychain.m in Sources */,
				18DF62831675EB4400789A1A /* FileLoader.m in Sources */,
				18DF62881675FFEC00789A1A /* FileUploader.m in Sources */,
				18DF628B167619E200789A1A /* FileTreeWrapper.m in Sources */,
				57FECB74167B4BC9005FBE30 /* PKMultipartInputStream.m in Sources */,
				57FECB79167B57AF005FBE30 /* NSFile.m in Sources */,
				571638EC16A3564E00B417C1 /* FMDatabase.m in Sources */,
				571638ED16A3564E00B417C1 /* FMDatabaseAdditions.m in Sources */,
				571638EE16A3564E00B417C1 /* FMDatabasePool.m in Sources */,
				571638EF16A3564E00B417C1 /* FMDatabaseQueue.m in Sources */,
				571638F016A3564E00B417C1 /* FMResultSet.m in Sources */,
				571638F516A359FF00B417C1 /* Database.m in Sources */,
			);
			runOnlyForDeploymentPostprocessing = 0;
		};
/* End PBXSourcesBuildPhase section */

/* Begin PBXVariantGroup section */
		57E9A3E516677A7700104A97 /* InfoPlist.strings */ = {
			isa = PBXVariantGroup;
			children = (
				57E9A3E616677A7700104A97 /* en */,
			);
			name = InfoPlist.strings;
			sourceTree = "<group>";
		};
		57E9A3EB16677A7700104A97 /* Credits.rtf */ = {
			isa = PBXVariantGroup;
			children = (
				57E9A3EC16677A7700104A97 /* en */,
			);
			name = Credits.rtf;
			sourceTree = "<group>";
		};
		57E9A3F116677A7700104A97 /* MainMenu.xib */ = {
			isa = PBXVariantGroup;
			children = (
				57E9A3F216677A7700104A97 /* en */,
			);
			name = MainMenu.xib;
			sourceTree = "<group>";
		};
/* End PBXVariantGroup section */

/* Begin XCBuildConfiguration section */
		57E9A3F716677A7700104A97 /* Debug */ = {
			isa = XCBuildConfiguration;
			buildSettings = {
				ALWAYS_SEARCH_USER_PATHS = NO;
				ARCHS = "$(ARCHS_STANDARD_64_BIT)";
				CLANG_CXX_LANGUAGE_STANDARD = "gnu++0x";
				CLANG_CXX_LIBRARY = "libc++";
				CLANG_ENABLE_OBJC_ARC = YES;
				CLANG_WARN_EMPTY_BODY = YES;
				CLANG_WARN__DUPLICATE_METHOD_MATCH = YES;
				COPY_PHASE_STRIP = NO;
				GCC_C_LANGUAGE_STANDARD = gnu99;
				GCC_DYNAMIC_NO_PIC = NO;
				GCC_ENABLE_OBJC_EXCEPTIONS = YES;
				GCC_OPTIMIZATION_LEVEL = 0;
				GCC_PREPROCESSOR_DEFINITIONS = (
					"DEBUG=1",
					"$(inherited)",
				);
				GCC_SYMBOLS_PRIVATE_EXTERN = NO;
				GCC_WARN_64_TO_32_BIT_CONVERSION = YES;
				GCC_WARN_ABOUT_RETURN_TYPE = YES;
				GCC_WARN_UNINITIALIZED_AUTOS = YES;
				GCC_WARN_UNUSED_VARIABLE = YES;
				MACOSX_DEPLOYMENT_TARGET = 10.8;
				ONLY_ACTIVE_ARCH = YES;
				SDKROOT = macosx;
			};
			name = Debug;
		};
		57E9A3F816677A7700104A97 /* Release */ = {
			isa = XCBuildConfiguration;
			buildSettings = {
				ALWAYS_SEARCH_USER_PATHS = NO;
				ARCHS = "$(ARCHS_STANDARD_64_BIT)";
				CLANG_CXX_LANGUAGE_STANDARD = "gnu++0x";
				CLANG_CXX_LIBRARY = "libc++";
				CLANG_ENABLE_OBJC_ARC = YES;
				CLANG_WARN_EMPTY_BODY = YES;
				CLANG_WARN__DUPLICATE_METHOD_MATCH = YES;
				COPY_PHASE_STRIP = YES;
				DEBUG_INFORMATION_FORMAT = "dwarf-with-dsym";
				GCC_C_LANGUAGE_STANDARD = gnu99;
				GCC_ENABLE_OBJC_EXCEPTIONS = YES;
				GCC_WARN_64_TO_32_BIT_CONVERSION = YES;
				GCC_WARN_ABOUT_RETURN_TYPE = YES;
				GCC_WARN_UNINITIALIZED_AUTOS = YES;
				GCC_WARN_UNUSED_VARIABLE = YES;
				MACOSX_DEPLOYMENT_TARGET = 10.8;
				SDKROOT = macosx;
			};
			name = Release;
		};
		57E9A3FA16677A7700104A97 /* Debug */ = {
			isa = XCBuildConfiguration;
			buildSettings = {
				COMBINE_HIDPI_IMAGES = YES;
				GCC_PRECOMPILE_PREFIX_HEADER = YES;
				GCC_PREFIX_HEADER = "2Safe/2Safe-Prefix.pch";
				INFOPLIST_FILE = "2Safe/2Safe-Info.plist";
				PRODUCT_NAME = "$(TARGET_NAME)";
				WRAPPER_EXTENSION = app;
			};
			name = Debug;
		};
		57E9A3FB16677A7700104A97 /* Release */ = {
			isa = XCBuildConfiguration;
			buildSettings = {
				COMBINE_HIDPI_IMAGES = YES;
				GCC_PRECOMPILE_PREFIX_HEADER = YES;
				GCC_PREFIX_HEADER = "2Safe/2Safe-Prefix.pch";
				INFOPLIST_FILE = "2Safe/2Safe-Info.plist";
				PRODUCT_NAME = "$(TARGET_NAME)";
				WRAPPER_EXTENSION = app;
			};
			name = Release;
		};
/* End XCBuildConfiguration section */

/* Begin XCConfigurationList section */
		57E9A3D216677A7700104A97 /* Build configuration list for PBXProject "2Safe" */ = {
			isa = XCConfigurationList;
			buildConfigurations = (
				57E9A3F716677A7700104A97 /* Debug */,
				57E9A3F816677A7700104A97 /* Release */,
			);
			defaultConfigurationIsVisible = 0;
			defaultConfigurationName = Release;
		};
		57E9A3F916677A7700104A97 /* Build configuration list for PBXNativeTarget "2Safe" */ = {
			isa = XCConfigurationList;
			buildConfigurations = (
				57E9A3FA16677A7700104A97 /* Debug */,
				57E9A3FB16677A7700104A97 /* Release */,
			);
			defaultConfigurationIsVisible = 0;
			defaultConfigurationName = Release;
		};
/* End XCConfigurationList section */
	};
	rootObject = 57E9A3CF16677A7700104A97 /* Project object */;
}
